// !$*UTF8*$!
{
	archiveVersion = 1;
	classes = {
	};
	objectVersion = 50;
	objects = {

/* Begin PBXBuildFile section */
		033FFDA324FB39B000950C50 /* AppDelegate.swift in Sources */ = {isa = PBXBuildFile; fileRef = 033FFDA224FB39B000950C50 /* AppDelegate.swift */; };
		033FFDA524FB39B000950C50 /* SceneDelegate.swift in Sources */ = {isa = PBXBuildFile; fileRef = 033FFDA424FB39B000950C50 /* SceneDelegate.swift */; };
		033FFDA724FB39B000950C50 /* EmojiArtDocumentView.swift in Sources */ = {isa = PBXBuildFile; fileRef = 033FFDA624FB39B000950C50 /* EmojiArtDocumentView.swift */; };
		033FFDA924FB39B200950C50 /* Assets.xcassets in Resources */ = {isa = PBXBuildFile; fileRef = 033FFDA824FB39B200950C50 /* Assets.xcassets */; };
		033FFDAC24FB39B200950C50 /* Preview Assets.xcassets in Resources */ = {isa = PBXBuildFile; fileRef = 033FFDAB24FB39B200950C50 /* Preview Assets.xcassets */; };
		033FFDAF24FB39B200950C50 /* LaunchScreen.storyboard in Resources */ = {isa = PBXBuildFile; fileRef = 033FFDAD24FB39B200950C50 /* LaunchScreen.storyboard */; };
		033FFDB724FB3ABE00950C50 /* EmojiArtDocument.swift in Sources */ = {isa = PBXBuildFile; fileRef = 033FFDB624FB3ABE00950C50 /* EmojiArtDocument.swift */; };
		033FFDB924FB459100950C50 /* EmojiArt.swift in Sources */ = {isa = PBXBuildFile; fileRef = 033FFDB824FB459100950C50 /* EmojiArt.swift */; };
		033FFDBD24FB540200950C50 /* EmojiArtExtensions.swift in Sources */ = {isa = PBXBuildFile; fileRef = 033FFDBC24FB540200950C50 /* EmojiArtExtensions.swift */; };
		033FFDBF24FBBA9300950C50 /* OptionalImage.swift in Sources */ = {isa = PBXBuildFile; fileRef = 033FFDBE24FBBA9300950C50 /* OptionalImage.swift */; };
		0351680024FCF4D100C1DD34 /* AnimatableSystemFontModifier.swift in Sources */ = {isa = PBXBuildFile; fileRef = 035167FF24FCF4D100C1DD34 /* AnimatableSystemFontModifier.swift */; };
/* End PBXBuildFile section */

/* Begin PBXFileReference section */
		033FFD9F24FB39B000950C50 /* EmojiArt.app */ = {isa = PBXFileReference; explicitFileType = wrapper.application; includeInIndex = 0; path = EmojiArt.app; sourceTree = BUILT_PRODUCTS_DIR; };
		033FFDA224FB39B000950C50 /* AppDelegate.swift */ = {isa = PBXFileReference; lastKnownFileType = sourcecode.swift; path = AppDelegate.swift; sourceTree = "<group>"; };
		033FFDA424FB39B000950C50 /* SceneDelegate.swift */ = {isa = PBXFileReference; lastKnownFileType = sourcecode.swift; path = SceneDelegate.swift; sourceTree = "<group>"; };
		033FFDA624FB39B000950C50 /* EmojiArtDocumentView.swift */ = {isa = PBXFileReference; lastKnownFileType = sourcecode.swift; path = EmojiArtDocumentView.swift; sourceTree = "<group>"; };
		033FFDA824FB39B200950C50 /* Assets.xcassets */ = {isa = PBXFileReference; lastKnownFileType = folder.assetcatalog; path = Assets.xcassets; sourceTree = "<group>"; };
		033FFDAB24FB39B200950C50 /* Preview Assets.xcassets */ = {isa = PBXFileReference; lastKnownFileType = folder.assetcatalog; path = "Preview Assets.xcassets"; sourceTree = "<group>"; };
		033FFDAE24FB39B200950C50 /* Base */ = {isa = PBXFileReference; lastKnownFileType = file.storyboard; name = Base; path = Base.lproj/LaunchScreen.storyboard; sourceTree = "<group>"; };
		033FFDB024FB39B200950C50 /* Info.plist */ = {isa = PBXFileReference; lastKnownFileType = text.plist.xml; path = Info.plist; sourceTree = "<group>"; };
		033FFDB624FB3ABE00950C50 /* EmojiArtDocument.swift */ = {isa = PBXFileReference; lastKnownFileType = sourcecode.swift; path = EmojiArtDocument.swift; sourceTree = "<group>"; };
		033FFDB824FB459100950C50 /* EmojiArt.swift */ = {isa = PBXFileReference; lastKnownFileType = sourcecode.swift; path = EmojiArt.swift; sourceTree = "<group>"; };
		033FFDBC24FB540200950C50 /* EmojiArtExtensions.swift */ = {isa = PBXFileReference; fileEncoding = 4; lastKnownFileType = sourcecode.swift; path = EmojiArtExtensions.swift; sourceTree = "<group>"; };
		033FFDBE24FBBA9300950C50 /* OptionalImage.swift */ = {isa = PBXFileReference; lastKnownFileType = sourcecode.swift; path = OptionalImage.swift; sourceTree = "<group>"; };
		035167FF24FCF4D100C1DD34 /* AnimatableSystemFontModifier.swift */ = {isa = PBXFileReference; fileEncoding = 4; lastKnownFileType = sourcecode.swift; path = AnimatableSystemFontModifier.swift; sourceTree = "<group>"; };
/* End PBXFileReference section */

/* Begin PBXFrameworksBuildPhase section */
		033FFD9C24FB39B000950C50 /* Frameworks */ = {
			isa = PBXFrameworksBuildPhase;
			buildActionMask = 2147483647;
			files = (
			);
			runOnlyForDeploymentPostprocessing = 0;
		};
/* End PBXFrameworksBuildPhase section */

/* Begin PBXGroup section */
		033FFD9624FB39B000950C50 = {
			isa = PBXGroup;
			children = (
				033FFDA124FB39B000950C50 /* EmojiArt */,
				033FFDA024FB39B000950C50 /* Products */,
			);
			sourceTree = "<group>";
		};
		033FFDA024FB39B000950C50 /* Products */ = {
			isa = PBXGroup;
			children = (
				033FFD9F24FB39B000950C50 /* EmojiArt.app */,
			);
			name = Products;
			sourceTree = "<group>";
		};
		033FFDA124FB39B000950C50 /* EmojiArt */ = {
			isa = PBXGroup;
			children = (
				033FFDA224FB39B000950C50 /* AppDelegate.swift */,
				033FFDA424FB39B000950C50 /* SceneDelegate.swift */,
				033FFDA624FB39B000950C50 /* EmojiArtDocumentView.swift */,
				033FFDBE24FBBA9300950C50 /* OptionalImage.swift */,
				033FFDB824FB459100950C50 /* EmojiArt.swift */,
				035167FF24FCF4D100C1DD34 /* AnimatableSystemFontModifier.swift */,
				033FFDB624FB3ABE00950C50 /* EmojiArtDocument.swift */,
				033FFDBC24FB540200950C50 /* EmojiArtExtensions.swift */,
				033FFDA824FB39B200950C50 /* Assets.xcassets */,
				033FFDAD24FB39B200950C50 /* LaunchScreen.storyboard */,
				033FFDB024FB39B200950C50 /* Info.plist */,
				033FFDAA24FB39B200950C50 /* Preview Content */,
			);
			path = EmojiArt;
			sourceTree = "<group>";
		};
		033FFDAA24FB39B200950C50 /* Preview Content */ = {
			isa = PBXGroup;
			children = (
				033FFDAB24FB39B200950C50 /* Preview Assets.xcassets */,
			);
			path = "Preview Content";
			sourceTree = "<group>";
		};
/* End PBXGroup section */

/* Begin PBXNativeTarget section */
		033FFD9E24FB39B000950C50 /* EmojiArt */ = {
			isa = PBXNativeTarget;
			buildConfigurationList = 033FFDB324FB39B200950C50 /* Build configuration list for PBXNativeTarget "EmojiArt" */;
			buildPhases = (
				033FFD9B24FB39B000950C50 /* Sources */,
				033FFD9C24FB39B000950C50 /* Frameworks */,
				033FFD9D24FB39B000950C50 /* Resources */,
			);
			buildRules = (
			);
			dependencies = (
			);
			name = EmojiArt;
			productName = EmojiArt;
			productReference = 033FFD9F24FB39B000950C50 /* EmojiArt.app */;
			productType = "com.apple.product-type.application";
		};
/* End PBXNativeTarget section */

/* Begin PBXProject section */
		033FFD9724FB39B000950C50 /* Project object */ = {
			isa = PBXProject;
			attributes = {
				LastSwiftUpdateCheck = 1150;
				LastUpgradeCheck = 1150;
				ORGANIZATIONNAME = "CS193p Stanford 2020";
				TargetAttributes = {
					033FFD9E24FB39B000950C50 = {
						CreatedOnToolsVersion = 11.5;
					};
				};
			};
			buildConfigurationList = 033FFD9A24FB39B000950C50 /* Build configuration list for PBXProject "EmojiArt" */;
			compatibilityVersion = "Xcode 9.3";
			developmentRegion = en;
			hasScannedForEncodings = 0;
			knownRegions = (
				en,
				Base,
			);
			mainGroup = 033FFD9624FB39B000950C50;
			productRefGroup = 033FFDA024FB39B000950C50 /* Products */;
			projectDirPath = "";
			projectRoot = "";
			targets = (
				033FFD9E24FB39B000950C50 /* EmojiArt */,
			);
		};
/* End PBXProject section */

/* Begin PBXResourcesBuildPhase section */
		033FFD9D24FB39B000950C50 /* Resources */ = {
			isa = PBXResourcesBuildPhase;
			buildActionMask = 2147483647;
			files = (
				033FFDAF24FB39B200950C50 /* LaunchScreen.storyboard in Resources */,
				033FFDAC24FB39B200950C50 /* Preview Assets.xcassets in Resources */,
				033FFDA924FB39B200950C50 /* Assets.xcassets in Resources */,
			);
			runOnlyForDeploymentPostprocessing = 0;
		};
/* End PBXResourcesBuildPhase section */

/* Begin PBXSourcesBuildPhase section */
		033FFD9B24FB39B000950C50 /* Sources */ = {
			isa = PBXSourcesBuildPhase;
			buildActionMask = 2147483647;
			files = (
				033FFDA324FB39B000950C50 /* AppDelegate.swift in Sources */,
				033FFDA524FB39B000950C50 /* SceneDelegate.swift in Sources */,
				033FFDBD24FB540200950C50 /* EmojiArtExtensions.swift in Sources */,
				033FFDB924FB459100950C50 /* EmojiArt.swift in Sources */,
				033FFDA724FB39B000950C50 /* EmojiArtDocumentView.swift in Sources */,
				033FFDBF24FBBA9300950C50 /* OptionalImage.swift in Sources */,
				0351680024FCF4D100C1DD34 /* AnimatableSystemFontModifier.swift in Sources */,
				033FFDB724FB3ABE00950C50 /* EmojiArtDocument.swift in Sources */,
			);
			runOnlyForDeploymentPostprocessing = 0;
		};
/* End PBXSourcesBuildPhase section */

/* Begin PBXVariantGroup section */
		033FFDAD24FB39B200950C50 /* LaunchScreen.storyboard */ = {
			isa = PBXVariantGroup;
			children = (
				033FFDAE24FB39B200950C50 /* Base */,
			);
			name = LaunchScreen.storyboard;
			sourceTree = "<group>";
		};
/* End PBXVariantGroup section */

/* Begin XCBuildConfiguration section */
		033FFDB124FB39B200950C50 /* Debug */ = {
			isa = XCBuildConfiguration;
			buildSettings = {
				ALWAYS_SEARCH_USER_PATHS = NO;
				CLANG_ANALYZER_NONNULL = YES;
				CLANG_ANALYZER_NUMBER_OBJECT_CONVERSION = YES_AGGRESSIVE;
				CLANG_CXX_LANGUAGE_STANDARD = "gnu++14";
				CLANG_CXX_LIBRARY = "libc++";
				CLANG_ENABLE_MODULES = YES;
				CLANG_ENABLE_OBJC_ARC = YES;
				CLANG_ENABLE_OBJC_WEAK = YES;
				CLANG_WARN_BLOCK_CAPTURE_AUTORELEASING = YES;
				CLANG_WARN_BOOL_CONVERSION = YES;
				CLANG_WARN_COMMA = YES;
				CLANG_WARN_CONSTANT_CONVERSION = YES;
				CLANG_WARN_DEPRECATED_OBJC_IMPLEMENTATIONS = YES;
				CLANG_WARN_DIRECT_OBJC_ISA_USAGE = YES_ERROR;
				CLANG_WARN_DOCUMENTATION_COMMENTS = YES;
				CLANG_WARN_EMPTY_BODY = YES;
				CLANG_WARN_ENUM_CONVERSION = YES;
				CLANG_WARN_INFINITE_RECURSION = YES;
				CLANG_WARN_INT_CONVERSION = YES;
				CLANG_WARN_NON_LITERAL_NULL_CONVERSION = YES;
				CLANG_WARN_OBJC_IMPLICIT_RETAIN_SELF = YES;
				CLANG_WARN_OBJC_LITERAL_CONVERSION = YES;
				CLANG_WARN_OBJC_ROOT_CLASS = YES_ERROR;
				CLANG_WARN_RANGE_LOOP_ANALYSIS = YES;
				CLANG_WARN_STRICT_PROTOTYPES = YES;
				CLANG_WARN_SUSPICIOUS_MOVE = YES;
				CLANG_WARN_UNGUARDED_AVAILABILITY = YES_AGGRESSIVE;
				CLANG_WARN_UNREACHABLE_CODE = YES;
				CLANG_WARN__DUPLICATE_METHOD_MATCH = YES;
				COPY_PHASE_STRIP = NO;
				DEBUG_INFORMATION_FORMAT = dwarf;
				ENABLE_STRICT_OBJC_MSGSEND = YES;
				ENABLE_TESTABILITY = YES;
				GCC_C_LANGUAGE_STANDARD = gnu11;
				GCC_DYNAMIC_NO_PIC = NO;
				GCC_NO_COMMON_BLOCKS = YES;
				GCC_OPTIMIZATION_LEVEL = 0;
				GCC_PREPROCESSOR_DEFINITIONS = (
					"DEBUG=1",
					"$(inherited)",
				);
				GCC_WARN_64_TO_32_BIT_CONVERSION = YES;
				GCC_WARN_ABOUT_RETURN_TYPE = YES_ERROR;
				GCC_WARN_UNDECLARED_SELECTOR = YES;
				GCC_WARN_UNINITIALIZED_AUTOS = YES_AGGRESSIVE;
				GCC_WARN_UNUSED_FUNCTION = YES;
				GCC_WARN_UNUSED_VARIABLE = YES;
				IPHONEOS_DEPLOYMENT_TARGET = 13.5;
				MTL_ENABLE_DEBUG_INFO = INCLUDE_SOURCE;
				MTL_FAST_MATH = YES;
				ONLY_ACTIVE_ARCH = YES;
				SDKROOT = iphoneos;
				SWIFT_ACTIVE_COMPILATION_CONDITIONS = DEBUG;
				SWIFT_OPTIMIZATION_LEVEL = "-Onone";
			};
			name = Debug;
		};
		033FFDB224FB39B200950C50 /* Release */ = {
			isa = XCBuildConfiguration;
			buildSettings = {
				ALWAYS_SEARCH_USER_PATHS = NO;
				CLANG_ANALYZER_NONNULL = YES;
				CLANG_ANALYZER_NUMBER_OBJECT_CONVERSION = YES_AGGRESSIVE;
				CLANG_CXX_LANGUAGE_STANDARD = "gnu++14";
				CLANG_CXX_LIBRARY = "libc++";
				CLANG_ENABLE_MODULES = YES;
				CLANG_ENABLE_OBJC_ARC = YES;
				CLANG_ENABLE_OBJC_WEAK = YES;
				CLANG_WARN_BLOCK_CAPTURE_AUTORELEASING = YES;
				CLANG_WARN_BOOL_CONVERSION = YES;
				CLANG_WARN_COMMA = YES;
				CLANG_WARN_CONSTANT_CONVERSION = YES;
				CLANG_WARN_DEPRECATED_OBJC_IMPLEMENTATIONS = YES;
				CLANG_WARN_DIRECT_OBJC_ISA_USAGE = YES_ERROR;
				CLANG_WARN_DOCUMENTATION_COMMENTS = YES;
				CLANG_WARN_EMPTY_BODY = YES;
				CLANG_WARN_ENUM_CONVERSION = YES;
				CLANG_WARN_INFINITE_RECURSION = YES;
				CLANG_WARN_INT_CONVERSION = YES;
				CLANG_WARN_NON_LITERAL_NULL_CONVERSION = YES;
				CLANG_WARN_OBJC_IMPLICIT_RETAIN_SELF = YES;
				CLANG_WARN_OBJC_LITERAL_CONVERSION = YES;
				CLANG_WARN_OBJC_ROOT_CLASS = YES_ERROR;
				CLANG_WARN_RANGE_LOOP_ANALYSIS = YES;
				CLANG_WARN_STRICT_PROTOTYPES = YES;
				CLANG_WARN_SUSPICIOUS_MOVE = YES;
				CLANG_WARN_UNGUARDED_AVAILABILITY = YES_AGGRESSIVE;
				CLANG_WARN_UNREACHABLE_CODE = YES;
				CLANG_WARN__DUPLICATE_METHOD_MATCH = YES;
				COPY_PHASE_STRIP = NO;
				DEBUG_INFORMATION_FORMAT = "dwarf-with-dsym";
				ENABLE_NS_ASSERTIONS = NO;
				ENABLE_STRICT_OBJC_MSGSEND = YES;
				GCC_C_LANGUAGE_STANDARD = gnu11;
				GCC_NO_COMMON_BLOCKS = YES;
				GCC_WARN_64_TO_32_BIT_CONVERSION = YES;
				GCC_WARN_ABOUT_RETURN_TYPE = YES_ERROR;
				GCC_WARN_UNDECLARED_SELECTOR = YES;
				GCC_WARN_UNINITIALIZED_AUTOS = YES_AGGRESSIVE;
				GCC_WARN_UNUSED_FUNCTION = YES;
				GCC_WARN_UNUSED_VARIABLE = YES;
				IPHONEOS_DEPLOYMENT_TARGET = 13.5;
				MTL_ENABLE_DEBUG_INFO = NO;
				MTL_FAST_MATH = YES;
				SDKROOT = iphoneos;
				SWIFT_COMPILATION_MODE = wholemodule;
				SWIFT_OPTIMIZATION_LEVEL = "-O";
				VALIDATE_PRODUCT = YES;
			};
			name = Release;
		};
		033FFDB424FB39B200950C50 /* Debug */ = {
			isa = XCBuildConfiguration;
			buildSettings = {
				ASSETCATALOG_COMPILER_APPICON_NAME = AppIcon;
				CODE_SIGN_STYLE = Automatic;
				DEVELOPMENT_ASSET_PATHS = "\"EmojiArt/Preview Content\"";
				ENABLE_PREVIEWS = YES;
				INFOPLIST_FILE = EmojiArt/Info.plist;
				LD_RUNPATH_SEARCH_PATHS = (
					"$(inherited)",
					"@executable_path/Frameworks",
				);
				PRODUCT_BUNDLE_IDENTIFIER = edu.stanford.cs193p.2020.EmojiArt;
				PRODUCT_NAME = "$(TARGET_NAME)";
				SWIFT_VERSION = 5.0;
				TARGETED_DEVICE_FAMILY = "1,2";
			};
			name = Debug;
		};
		033FFDB524FB39B200950C50 /* Release */ = {
			isa = XCBuildConfiguration;
			buildSettings = {
				ASSETCATALOG_COMPILER_APPICON_NAME = AppIcon;
				CODE_SIGN_STYLE = Automatic;
				DEVELOPMENT_ASSET_PATHS = "\"EmojiArt/Preview Content\"";
				ENABLE_PREVIEWS = YES;
				INFOPLIST_FILE = EmojiArt/Info.plist;
				LD_RUNPATH_SEARCH_PATHS = (
					"$(inherited)",
					"@executable_path/Frameworks",
				);
				PRODUCT_BUNDLE_IDENTIFIER = edu.stanford.cs193p.2020.EmojiArt;
				PRODUCT_NAME = "$(TARGET_NAME)";
				SWIFT_VERSION = 5.0;
				TARGETED_DEVICE_FAMILY = "1,2";
			};
			name = Release;
		};
/* End XCBuildConfiguration section */

/* Begin XCConfigurationList section */
		033FFD9A24FB39B000950C50 /* Build configuration list for PBXProject "EmojiArt" */ = {
			isa = XCConfigurationList;
			buildConfigurations = (
				033FFDB124FB39B200950C50 /* Debug */,
				033FFDB224FB39B200950C50 /* Release */,
			);
			defaultConfigurationIsVisible = 0;
			defaultConfigurationName = Release;
		};
		033FFDB324FB39B200950C50 /* Build configuration list for PBXNativeTarget "EmojiArt" */ = {
			isa = XCConfigurationList;
			buildConfigurations = (
				033FFDB424FB39B200950C50 /* Debug */,
				033FFDB524FB39B200950C50 /* Release */,
			);
			defaultConfigurationIsVisible = 0;
			defaultConfigurationName = Release;
		};
/* End XCConfigurationList section */
	};
	rootObject = 033FFD9724FB39B000950C50 /* Project object */;
}
