// !$*UTF8*$!
{
	archiveVersion = 1;
	classes = {
	};
	objectVersion = 50;
	objects = {

/* Begin PBXBuildFile section */
		034C7EB82560546A0097EECC /* ContentView.swift in Sources */ = {isa = PBXBuildFile; fileRef = 034C7EB72560546A0097EECC /* ContentView.swift */; };
		034C7EBA2560546D0097EECC /* Assets.xcassets in Resources */ = {isa = PBXBuildFile; fileRef = 034C7EB92560546D0097EECC /* Assets.xcassets */; };
		034C7EBD2560546D0097EECC /* Preview Assets.xcassets in Resources */ = {isa = PBXBuildFile; fileRef = 034C7EBC2560546D0097EECC /* Preview Assets.xcassets */; };
		034C7EC22560546D0097EECC /* Bookworm.xcdatamodeld in Sources */ = {isa = PBXBuildFile; fileRef = 034C7EC02560546D0097EECC /* Bookworm.xcdatamodeld */; };
		034C7ECD2560546D0097EECC /* BookwormTests.swift in Sources */ = {isa = PBXBuildFile; fileRef = 034C7ECC2560546D0097EECC /* BookwormTests.swift */; };
		034C7ED82560546D0097EECC /* BookwormUITests.swift in Sources */ = {isa = PBXBuildFile; fileRef = 034C7ED72560546D0097EECC /* BookwormUITests.swift */; };
		034C7EE925605CEE0097EECC /* CustomComponent.swift in Sources */ = {isa = PBXBuildFile; fileRef = 034C7EE825605CEE0097EECC /* CustomComponent.swift */; };
		034C7EEE256060C70097EECC /* SizeClassWithAnyView.swift in Sources */ = {isa = PBXBuildFile; fileRef = 034C7EED256060C70097EECC /* SizeClassWithAnyView.swift */; };
		034C7EF22560955A0097EECC /* Bookworm.xcdatamodeld in Sources */ = {isa = PBXBuildFile; fileRef = 034C7EC02560546D0097EECC /* Bookworm.xcdatamodeld */; };
		034C7EF62560955B0097EECC /* Bookworm.xcdatamodeld in Sources */ = {isa = PBXBuildFile; fileRef = 034C7EC02560546D0097EECC /* Bookworm.xcdatamodeld */; };
		034C7EFA256095680097EECC /* ContentView.swift in Sources */ = {isa = PBXBuildFile; fileRef = 034C7EB72560546A0097EECC /* ContentView.swift */; };
		034C7EFE256095690097EECC /* ContentView.swift in Sources */ = {isa = PBXBuildFile; fileRef = 034C7EB72560546A0097EECC /* ContentView.swift */; };
		034C7F0C256098E90097EECC /* App Delegate.swift in Sources */ = {isa = PBXBuildFile; fileRef = 034C7F0B256098E90097EECC /* App Delegate.swift */; };
/* End PBXBuildFile section */

/* Begin PBXContainerItemProxy section */
		034C7EC92560546D0097EECC /* PBXContainerItemProxy */ = {
			isa = PBXContainerItemProxy;
			containerPortal = 034C7EAA2560546A0097EECC /* Project object */;
			proxyType = 1;
			remoteGlobalIDString = 034C7EB12560546A0097EECC;
			remoteInfo = Bookworm;
		};
		034C7ED42560546D0097EECC /* PBXContainerItemProxy */ = {
			isa = PBXContainerItemProxy;
			containerPortal = 034C7EAA2560546A0097EECC /* Project object */;
			proxyType = 1;
			remoteGlobalIDString = 034C7EB12560546A0097EECC;
			remoteInfo = Bookworm;
		};
/* End PBXContainerItemProxy section */

/* Begin PBXFileReference section */
		034C7EB22560546A0097EECC /* Bookworm.app */ = {isa = PBXFileReference; explicitFileType = wrapper.application; includeInIndex = 0; path = Bookworm.app; sourceTree = BUILT_PRODUCTS_DIR; };
		034C7EB72560546A0097EECC /* ContentView.swift */ = {isa = PBXFileReference; lastKnownFileType = sourcecode.swift; path = ContentView.swift; sourceTree = "<group>"; };
		034C7EB92560546D0097EECC /* Assets.xcassets */ = {isa = PBXFileReference; lastKnownFileType = folder.assetcatalog; path = Assets.xcassets; sourceTree = "<group>"; };
		034C7EBC2560546D0097EECC /* Preview Assets.xcassets */ = {isa = PBXFileReference; lastKnownFileType = folder.assetcatalog; path = "Preview Assets.xcassets"; sourceTree = "<group>"; };
		034C7EC12560546D0097EECC /* Bookworm.xcdatamodel */ = {isa = PBXFileReference; lastKnownFileType = wrapper.xcdatamodel; path = Bookworm.xcdatamodel; sourceTree = "<group>"; };
		034C7EC32560546D0097EECC /* Info.plist */ = {isa = PBXFileReference; lastKnownFileType = text.plist.xml; path = Info.plist; sourceTree = "<group>"; };
		034C7EC82560546D0097EECC /* BookwormTests.xctest */ = {isa = PBXFileReference; explicitFileType = wrapper.cfbundle; includeInIndex = 0; path = BookwormTests.xctest; sourceTree = BUILT_PRODUCTS_DIR; };
		034C7ECC2560546D0097EECC /* BookwormTests.swift */ = {isa = PBXFileReference; lastKnownFileType = sourcecode.swift; path = BookwormTests.swift; sourceTree = "<group>"; };
		034C7ECE2560546D0097EECC /* Info.plist */ = {isa = PBXFileReference; lastKnownFileType = text.plist.xml; path = Info.plist; sourceTree = "<group>"; };
		034C7ED32560546D0097EECC /* BookwormUITests.xctest */ = {isa = PBXFileReference; explicitFileType = wrapper.cfbundle; includeInIndex = 0; path = BookwormUITests.xctest; sourceTree = BUILT_PRODUCTS_DIR; };
		034C7ED72560546D0097EECC /* BookwormUITests.swift */ = {isa = PBXFileReference; lastKnownFileType = sourcecode.swift; path = BookwormUITests.swift; sourceTree = "<group>"; };
		034C7ED92560546D0097EECC /* Info.plist */ = {isa = PBXFileReference; lastKnownFileType = text.plist.xml; path = Info.plist; sourceTree = "<group>"; };
		034C7EE825605CEE0097EECC /* CustomComponent.swift */ = {isa = PBXFileReference; lastKnownFileType = sourcecode.swift; path = CustomComponent.swift; sourceTree = "<group>"; };
		034C7EED256060C70097EECC /* SizeClassWithAnyView.swift */ = {isa = PBXFileReference; lastKnownFileType = sourcecode.swift; path = SizeClassWithAnyView.swift; sourceTree = "<group>"; };
		034C7F0B256098E90097EECC /* App Delegate.swift */ = {isa = PBXFileReference; lastKnownFileType = sourcecode.swift; path = "App Delegate.swift"; sourceTree = "<group>"; };
/* End PBXFileReference section */

/* Begin PBXFrameworksBuildPhase section */
		034C7EAF2560546A0097EECC /* Frameworks */ = {
			isa = PBXFrameworksBuildPhase;
			buildActionMask = 2147483647;
			files = (
			);
			runOnlyForDeploymentPostprocessing = 0;
		};
		034C7EC52560546D0097EECC /* Frameworks */ = {
			isa = PBXFrameworksBuildPhase;
			buildActionMask = 2147483647;
			files = (
			);
			runOnlyForDeploymentPostprocessing = 0;
		};
		034C7ED02560546D0097EECC /* Frameworks */ = {
			isa = PBXFrameworksBuildPhase;
			buildActionMask = 2147483647;
			files = (
			);
			runOnlyForDeploymentPostprocessing = 0;
		};
/* End PBXFrameworksBuildPhase section */

/* Begin PBXGroup section */
		034C7EA92560546A0097EECC = {
			isa = PBXGroup;
			children = (
				034C7EB42560546A0097EECC /* Bookworm */,
				034C7ECB2560546D0097EECC /* BookwormTests */,
				034C7ED62560546D0097EECC /* BookwormUITests */,
				034C7EB32560546A0097EECC /* Products */,
			);
			sourceTree = "<group>";
		};
		034C7EB32560546A0097EECC /* Products */ = {
			isa = PBXGroup;
			children = (
				034C7EB22560546A0097EECC /* Bookworm.app */,
				034C7EC82560546D0097EECC /* BookwormTests.xctest */,
				034C7ED32560546D0097EECC /* BookwormUITests.xctest */,
			);
			name = Products;
			sourceTree = "<group>";
		};
		034C7EB42560546A0097EECC /* Bookworm */ = {
			isa = PBXGroup;
			children = (
				034C7EB72560546A0097EECC /* ContentView.swift */,
				034C7F0B256098E90097EECC /* App Delegate.swift */,
				034C7EED256060C70097EECC /* SizeClassWithAnyView.swift */,
				034C7EE825605CEE0097EECC /* CustomComponent.swift */,
				034C7EB92560546D0097EECC /* Assets.xcassets */,
				034C7EC32560546D0097EECC /* Info.plist */,
				034C7EC02560546D0097EECC /* Bookworm.xcdatamodeld */,
				034C7EBB2560546D0097EECC /* Preview Content */,
			);
			path = Bookworm;
			sourceTree = "<group>";
		};
		034C7EBB2560546D0097EECC /* Preview Content */ = {
			isa = PBXGroup;
			children = (
				034C7EBC2560546D0097EECC /* Preview Assets.xcassets */,
			);
			path = "Preview Content";
			sourceTree = "<group>";
		};
		034C7ECB2560546D0097EECC /* BookwormTests */ = {
			isa = PBXGroup;
			children = (
				034C7ECC2560546D0097EECC /* BookwormTests.swift */,
				034C7ECE2560546D0097EECC /* Info.plist */,
			);
			path = BookwormTests;
			sourceTree = "<group>";
		};
		034C7ED62560546D0097EECC /* BookwormUITests */ = {
			isa = PBXGroup;
			children = (
				034C7ED72560546D0097EECC /* BookwormUITests.swift */,
				034C7ED92560546D0097EECC /* Info.plist */,
			);
			path = BookwormUITests;
			sourceTree = "<group>";
		};
/* End PBXGroup section */

/* Begin PBXNativeTarget section */
		034C7EB12560546A0097EECC /* Bookworm */ = {
			isa = PBXNativeTarget;
			buildConfigurationList = 034C7EDC2560546D0097EECC /* Build configuration list for PBXNativeTarget "Bookworm" */;
			buildPhases = (
				034C7EAE2560546A0097EECC /* Sources */,
				034C7EAF2560546A0097EECC /* Frameworks */,
				034C7EB02560546A0097EECC /* Resources */,
			);
			buildRules = (
			);
			dependencies = (
			);
			name = Bookworm;
			productName = Bookworm;
			productReference = 034C7EB22560546A0097EECC /* Bookworm.app */;
			productType = "com.apple.product-type.application";
		};
		034C7EC72560546D0097EECC /* BookwormTests */ = {
			isa = PBXNativeTarget;
			buildConfigurationList = 034C7EDF2560546D0097EECC /* Build configuration list for PBXNativeTarget "BookwormTests" */;
			buildPhases = (
				034C7EC42560546D0097EECC /* Sources */,
				034C7EC52560546D0097EECC /* Frameworks */,
				034C7EC62560546D0097EECC /* Resources */,
			);
			buildRules = (
			);
			dependencies = (
				034C7ECA2560546D0097EECC /* PBXTargetDependency */,
			);
			name = BookwormTests;
			productName = BookwormTests;
			productReference = 034C7EC82560546D0097EECC /* BookwormTests.xctest */;
			productType = "com.apple.product-type.bundle.unit-test";
		};
		034C7ED22560546D0097EECC /* BookwormUITests */ = {
			isa = PBXNativeTarget;
			buildConfigurationList = 034C7EE22560546D0097EECC /* Build configuration list for PBXNativeTarget "BookwormUITests" */;
			buildPhases = (
				034C7ECF2560546D0097EECC /* Sources */,
				034C7ED02560546D0097EECC /* Frameworks */,
				034C7ED12560546D0097EECC /* Resources */,
			);
			buildRules = (
			);
			dependencies = (
				034C7ED52560546D0097EECC /* PBXTargetDependency */,
			);
			name = BookwormUITests;
			productName = BookwormUITests;
			productReference = 034C7ED32560546D0097EECC /* BookwormUITests.xctest */;
			productType = "com.apple.product-type.bundle.ui-testing";
		};
/* End PBXNativeTarget section */

/* Begin PBXProject section */
		034C7EAA2560546A0097EECC /* Project object */ = {
			isa = PBXProject;
			attributes = {
				LastSwiftUpdateCheck = 1200;
				LastUpgradeCheck = 1200;
				TargetAttributes = {
					034C7EB12560546A0097EECC = {
						CreatedOnToolsVersion = 12.0;
					};
					034C7EC72560546D0097EECC = {
						CreatedOnToolsVersion = 12.0;
						TestTargetID = 034C7EB12560546A0097EECC;
					};
					034C7ED22560546D0097EECC = {
						CreatedOnToolsVersion = 12.0;
						TestTargetID = 034C7EB12560546A0097EECC;
					};
				};
			};
			buildConfigurationList = 034C7EAD2560546A0097EECC /* Build configuration list for PBXProject "Bookworm" */;
			compatibilityVersion = "Xcode 9.3";
			developmentRegion = en;
			hasScannedForEncodings = 0;
			knownRegions = (
				en,
				Base,
			);
			mainGroup = 034C7EA92560546A0097EECC;
			productRefGroup = 034C7EB32560546A0097EECC /* Products */;
			projectDirPath = "";
			projectRoot = "";
			targets = (
				034C7EB12560546A0097EECC /* Bookworm */,
				034C7EC72560546D0097EECC /* BookwormTests */,
				034C7ED22560546D0097EECC /* BookwormUITests */,
			);
		};
/* End PBXProject section */

/* Begin PBXResourcesBuildPhase section */
		034C7EB02560546A0097EECC /* Resources */ = {
			isa = PBXResourcesBuildPhase;
			buildActionMask = 2147483647;
			files = (
				034C7EBD2560546D0097EECC /* Preview Assets.xcassets in Resources */,
				034C7EBA2560546D0097EECC /* Assets.xcassets in Resources */,
			);
			runOnlyForDeploymentPostprocessing = 0;
		};
		034C7EC62560546D0097EECC /* Resources */ = {
			isa = PBXResourcesBuildPhase;
			buildActionMask = 2147483647;
			files = (
			);
			runOnlyForDeploymentPostprocessing = 0;
		};
		034C7ED12560546D0097EECC /* Resources */ = {
			isa = PBXResourcesBuildPhase;
			buildActionMask = 2147483647;
			files = (
			);
			runOnlyForDeploymentPostprocessing = 0;
		};
/* End PBXResourcesBuildPhase section */

/* Begin PBXSourcesBuildPhase section */
		034C7EAE2560546A0097EECC /* Sources */ = {
			isa = PBXSourcesBuildPhase;
			buildActionMask = 2147483647;
			files = (
				034C7EC22560546D0097EECC /* Bookworm.xcdatamodeld in Sources */,
				034C7F0C256098E90097EECC /* App Delegate.swift in Sources */,
				034C7EB82560546A0097EECC /* ContentView.swift in Sources */,
				034C7EE925605CEE0097EECC /* CustomComponent.swift in Sources */,
				034C7EEE256060C70097EECC /* SizeClassWithAnyView.swift in Sources */,
			);
			runOnlyForDeploymentPostprocessing = 0;
		};
		034C7EC42560546D0097EECC /* Sources */ = {
			isa = PBXSourcesBuildPhase;
			buildActionMask = 2147483647;
			files = (
				034C7ECD2560546D0097EECC /* BookwormTests.swift in Sources */,
				034C7EF22560955A0097EECC /* Bookworm.xcdatamodeld in Sources */,
				034C7EFA256095680097EECC /* ContentView.swift in Sources */,
			);
			runOnlyForDeploymentPostprocessing = 0;
		};
		034C7ECF2560546D0097EECC /* Sources */ = {
			isa = PBXSourcesBuildPhase;
			buildActionMask = 2147483647;
			files = (
				034C7ED82560546D0097EECC /* BookwormUITests.swift in Sources */,
				034C7EF62560955B0097EECC /* Bookworm.xcdatamodeld in Sources */,
				034C7EFE256095690097EECC /* ContentView.swift in Sources */,
			);
			runOnlyForDeploymentPostprocessing = 0;
		};
/* End PBXSourcesBuildPhase section */

/* Begin PBXTargetDependency section */
		034C7ECA2560546D0097EECC /* PBXTargetDependency */ = {
			isa = PBXTargetDependency;
			target = 034C7EB12560546A0097EECC /* Bookworm */;
			targetProxy = 034C7EC92560546D0097EECC /* PBXContainerItemProxy */;
		};
		034C7ED52560546D0097EECC /* PBXTargetDependency */ = {
			isa = PBXTargetDependency;
			target = 034C7EB12560546A0097EECC /* Bookworm */;
			targetProxy = 034C7ED42560546D0097EECC /* PBXContainerItemProxy */;
		};
/* End PBXTargetDependency section */

/* Begin XCBuildConfiguration section */
		034C7EDA2560546D0097EECC /* Debug */ = {
			isa = XCBuildConfiguration;
			buildSettings = {
				ALWAYS_SEARCH_USER_PATHS = NO;
				CLANG_ANALYZER_NONNULL = YES;
				CLANG_ANALYZER_NUMBER_OBJECT_CONVERSION = YES_AGGRESSIVE;
				CLANG_CXX_LANGUAGE_STANDARD = "gnu++14";
				CLANG_CXX_LIBRARY = "libc++";
				CLANG_ENABLE_MODULES = YES;
				CLANG_ENABLE_OBJC_ARC = YES;
				CLANG_ENABLE_OBJC_WEAK = YES;
				CLANG_WARN_BLOCK_CAPTURE_AUTORELEASING = YES;
				CLANG_WARN_BOOL_CONVERSION = YES;
				CLANG_WARN_COMMA = YES;
				CLANG_WARN_CONSTANT_CONVERSION = YES;
				CLANG_WARN_DEPRECATED_OBJC_IMPLEMENTATIONS = YES;
				CLANG_WARN_DIRECT_OBJC_ISA_USAGE = YES_ERROR;
				CLANG_WARN_DOCUMENTATION_COMMENTS = YES;
				CLANG_WARN_EMPTY_BODY = YES;
				CLANG_WARN_ENUM_CONVERSION = YES;
				CLANG_WARN_INFINITE_RECURSION = YES;
				CLANG_WARN_INT_CONVERSION = YES;
				CLANG_WARN_NON_LITERAL_NULL_CONVERSION = YES;
				CLANG_WARN_OBJC_IMPLICIT_RETAIN_SELF = YES;
				CLANG_WARN_OBJC_LITERAL_CONVERSION = YES;
				CLANG_WARN_OBJC_ROOT_CLASS = YES_ERROR;
				CLANG_WARN_QUOTED_INCLUDE_IN_FRAMEWORK_HEADER = YES;
				CLANG_WARN_RANGE_LOOP_ANALYSIS = YES;
				CLANG_WARN_STRICT_PROTOTYPES = YES;
				CLANG_WARN_SUSPICIOUS_MOVE = YES;
				CLANG_WARN_UNGUARDED_AVAILABILITY = YES_AGGRESSIVE;
				CLANG_WARN_UNREACHABLE_CODE = YES;
				CLANG_WARN__DUPLICATE_METHOD_MATCH = YES;
				COPY_PHASE_STRIP = NO;
				DEBUG_INFORMATION_FORMAT = dwarf;
				ENABLE_STRICT_OBJC_MSGSEND = YES;
				ENABLE_TESTABILITY = YES;
				GCC_C_LANGUAGE_STANDARD = gnu11;
				GCC_DYNAMIC_NO_PIC = NO;
				GCC_NO_COMMON_BLOCKS = YES;
				GCC_OPTIMIZATION_LEVEL = 0;
				GCC_PREPROCESSOR_DEFINITIONS = (
					"DEBUG=1",
					"$(inherited)",
				);
				GCC_WARN_64_TO_32_BIT_CONVERSION = YES;
				GCC_WARN_ABOUT_RETURN_TYPE = YES_ERROR;
				GCC_WARN_UNDECLARED_SELECTOR = YES;
				GCC_WARN_UNINITIALIZED_AUTOS = YES_AGGRESSIVE;
				GCC_WARN_UNUSED_FUNCTION = YES;
				GCC_WARN_UNUSED_VARIABLE = YES;
				IPHONEOS_DEPLOYMENT_TARGET = 14.0;
				MTL_ENABLE_DEBUG_INFO = INCLUDE_SOURCE;
				MTL_FAST_MATH = YES;
				ONLY_ACTIVE_ARCH = YES;
				SDKROOT = iphoneos;
				SWIFT_ACTIVE_COMPILATION_CONDITIONS = DEBUG;
				SWIFT_OPTIMIZATION_LEVEL = "-Onone";
			};
			name = Debug;
		};
		034C7EDB2560546D0097EECC /* Release */ = {
			isa = XCBuildConfiguration;
			buildSettings = {
				ALWAYS_SEARCH_USER_PATHS = NO;
				CLANG_ANALYZER_NONNULL = YES;
				CLANG_ANALYZER_NUMBER_OBJECT_CONVERSION = YES_AGGRESSIVE;
				CLANG_CXX_LANGUAGE_STANDARD = "gnu++14";
				CLANG_CXX_LIBRARY = "libc++";
				CLANG_ENABLE_MODULES = YES;
				CLANG_ENABLE_OBJC_ARC = YES;
				CLANG_ENABLE_OBJC_WEAK = YES;
				CLANG_WARN_BLOCK_CAPTURE_AUTORELEASING = YES;
				CLANG_WARN_BOOL_CONVERSION = YES;
				CLANG_WARN_COMMA = YES;
				CLANG_WARN_CONSTANT_CONVERSION = YES;
				CLANG_WARN_DEPRECATED_OBJC_IMPLEMENTATIONS = YES;
				CLANG_WARN_DIRECT_OBJC_ISA_USAGE = YES_ERROR;
				CLANG_WARN_DOCUMENTATION_COMMENTS = YES;
				CLANG_WARN_EMPTY_BODY = YES;
				CLANG_WARN_ENUM_CONVERSION = YES;
				CLANG_WARN_INFINITE_RECURSION = YES;
				CLANG_WARN_INT_CONVERSION = YES;
				CLANG_WARN_NON_LITERAL_NULL_CONVERSION = YES;
				CLANG_WARN_OBJC_IMPLICIT_RETAIN_SELF = YES;
				CLANG_WARN_OBJC_LITERAL_CONVERSION = YES;
				CLANG_WARN_OBJC_ROOT_CLASS = YES_ERROR;
				CLANG_WARN_QUOTED_INCLUDE_IN_FRAMEWORK_HEADER = YES;
				CLANG_WARN_RANGE_LOOP_ANALYSIS = YES;
				CLANG_WARN_STRICT_PROTOTYPES = YES;
				CLANG_WARN_SUSPICIOUS_MOVE = YES;
				CLANG_WARN_UNGUARDED_AVAILABILITY = YES_AGGRESSIVE;
				CLANG_WARN_UNREACHABLE_CODE = YES;
				CLANG_WARN__DUPLICATE_METHOD_MATCH = YES;
				COPY_PHASE_STRIP = NO;
				DEBUG_INFORMATION_FORMAT = "dwarf-with-dsym";
				ENABLE_NS_ASSERTIONS = NO;
				ENABLE_STRICT_OBJC_MSGSEND = YES;
				GCC_C_LANGUAGE_STANDARD = gnu11;
				GCC_NO_COMMON_BLOCKS = YES;
				GCC_WARN_64_TO_32_BIT_CONVERSION = YES;
				GCC_WARN_ABOUT_RETURN_TYPE = YES_ERROR;
				GCC_WARN_UNDECLARED_SELECTOR = YES;
				GCC_WARN_UNINITIALIZED_AUTOS = YES_AGGRESSIVE;
				GCC_WARN_UNUSED_FUNCTION = YES;
				GCC_WARN_UNUSED_VARIABLE = YES;
				IPHONEOS_DEPLOYMENT_TARGET = 14.0;
				MTL_ENABLE_DEBUG_INFO = NO;
				MTL_FAST_MATH = YES;
				SDKROOT = iphoneos;
				SWIFT_COMPILATION_MODE = wholemodule;
				SWIFT_OPTIMIZATION_LEVEL = "-O";
				VALIDATE_PRODUCT = YES;
			};
			name = Release;
		};
		034C7EDD2560546D0097EECC /* Debug */ = {
			isa = XCBuildConfiguration;
			buildSettings = {
				ASSETCATALOG_COMPILER_APPICON_NAME = AppIcon;
				ASSETCATALOG_COMPILER_GLOBAL_ACCENT_COLOR_NAME = AccentColor;
				CODE_SIGN_STYLE = Automatic;
				DEVELOPMENT_ASSET_PATHS = "\"Bookworm/Preview Content\"";
				DEVELOPMENT_TEAM = 55CK98Y42V;
				ENABLE_PREVIEWS = YES;
				INFOPLIST_FILE = Bookworm/Info.plist;
				IPHONEOS_DEPLOYMENT_TARGET = 14.0;
				LD_RUNPATH_SEARCH_PATHS = (
					"$(inherited)",
					"@executable_path/Frameworks",
				);
				PRODUCT_BUNDLE_IDENTIFIER = eman.lotfy.elrefai.2020.Bookworm;
				PRODUCT_NAME = "$(TARGET_NAME)";
				SWIFT_VERSION = 5.0;
				TARGETED_DEVICE_FAMILY = "1,2";
			};
			name = Debug;
		};
		034C7EDE2560546D0097EECC /* Release */ = {
			isa = XCBuildConfiguration;
			buildSettings = {
				ASSETCATALOG_COMPILER_APPICON_NAME = AppIcon;
				ASSETCATALOG_COMPILER_GLOBAL_ACCENT_COLOR_NAME = AccentColor;
				CODE_SIGN_STYLE = Automatic;
				DEVELOPMENT_ASSET_PATHS = "\"Bookworm/Preview Content\"";
				DEVELOPMENT_TEAM = 55CK98Y42V;
				ENABLE_PREVIEWS = YES;
				INFOPLIST_FILE = Bookworm/Info.plist;
				IPHONEOS_DEPLOYMENT_TARGET = 14.0;
				LD_RUNPATH_SEARCH_PATHS = (
					"$(inherited)",
					"@executable_path/Frameworks",
				);
				PRODUCT_BUNDLE_IDENTIFIER = eman.lotfy.elrefai.2020.Bookworm;
				PRODUCT_NAME = "$(TARGET_NAME)";
				SWIFT_VERSION = 5.0;
				TARGETED_DEVICE_FAMILY = "1,2";
			};
			name = Release;
		};
		034C7EE02560546D0097EECC /* Debug */ = {
			isa = XCBuildConfiguration;
			buildSettings = {
				ALWAYS_EMBED_SWIFT_STANDARD_LIBRARIES = YES;
				BUNDLE_LOADER = "$(TEST_HOST)";
				CODE_SIGN_STYLE = Automatic;
				DEVELOPMENT_TEAM = 55CK98Y42V;
				INFOPLIST_FILE = BookwormTests/Info.plist;
				IPHONEOS_DEPLOYMENT_TARGET = 14.0;
				LD_RUNPATH_SEARCH_PATHS = (
					"$(inherited)",
					"@executable_path/Frameworks",
					"@loader_path/Frameworks",
				);
				PRODUCT_BUNDLE_IDENTIFIER = eman.lotfy.elrefai.2020.BookwormTests;
				PRODUCT_NAME = "$(TARGET_NAME)";
				SWIFT_VERSION = 5.0;
				TARGETED_DEVICE_FAMILY = "1,2";
				TEST_HOST = "$(BUILT_PRODUCTS_DIR)/Bookworm.app/Bookworm";
			};
			name = Debug;
		};
		034C7EE12560546D0097EECC /* Release */ = {
			isa = XCBuildConfiguration;
			buildSettings = {
				ALWAYS_EMBED_SWIFT_STANDARD_LIBRARIES = YES;
				BUNDLE_LOADER = "$(TEST_HOST)";
				CODE_SIGN_STYLE = Automatic;
				DEVELOPMENT_TEAM = 55CK98Y42V;
				INFOPLIST_FILE = BookwormTests/Info.plist;
				IPHONEOS_DEPLOYMENT_TARGET = 14.0;
				LD_RUNPATH_SEARCH_PATHS = (
					"$(inherited)",
					"@executable_path/Frameworks",
					"@loader_path/Frameworks",
				);
				PRODUCT_BUNDLE_IDENTIFIER = eman.lotfy.elrefai.2020.BookwormTests;
				PRODUCT_NAME = "$(TARGET_NAME)";
				SWIFT_VERSION = 5.0;
				TARGETED_DEVICE_FAMILY = "1,2";
				TEST_HOST = "$(BUILT_PRODUCTS_DIR)/Bookworm.app/Bookworm";
			};
			name = Release;
		};
		034C7EE32560546D0097EECC /* Debug */ = {
			isa = XCBuildConfiguration;
			buildSettings = {
				ALWAYS_EMBED_SWIFT_STANDARD_LIBRARIES = YES;
				CODE_SIGN_STYLE = Automatic;
				DEVELOPMENT_TEAM = 55CK98Y42V;
				INFOPLIST_FILE = BookwormUITests/Info.plist;
				LD_RUNPATH_SEARCH_PATHS = (
					"$(inherited)",
					"@executable_path/Frameworks",
					"@loader_path/Frameworks",
				);
				PRODUCT_BUNDLE_IDENTIFIER = eman.lotfy.elrefai.2020.BookwormUITests;
				PRODUCT_NAME = "$(TARGET_NAME)";
				SWIFT_VERSION = 5.0;
				TARGETED_DEVICE_FAMILY = "1,2";
				TEST_TARGET_NAME = Bookworm;
			};
			name = Debug;
		};
		034C7EE42560546D0097EECC /* Release */ = {
			isa = XCBuildConfiguration;
			buildSettings = {
				ALWAYS_EMBED_SWIFT_STANDARD_LIBRARIES = YES;
				CODE_SIGN_STYLE = Automatic;
				DEVELOPMENT_TEAM = 55CK98Y42V;
				INFOPLIST_FILE = BookwormUITests/Info.plist;
				LD_RUNPATH_SEARCH_PATHS = (
					"$(inherited)",
					"@executable_path/Frameworks",
					"@loader_path/Frameworks",
				);
				PRODUCT_BUNDLE_IDENTIFIER = eman.lotfy.elrefai.2020.BookwormUITests;
				PRODUCT_NAME = "$(TARGET_NAME)";
				SWIFT_VERSION = 5.0;
				TARGETED_DEVICE_FAMILY = "1,2";
				TEST_TARGET_NAME = Bookworm;
			};
			name = Release;
		};
/* End XCBuildConfiguration section */

/* Begin XCConfigurationList section */
		034C7EAD2560546A0097EECC /* Build configuration list for PBXProject "Bookworm" */ = {
			isa = XCConfigurationList;
			buildConfigurations = (
				034C7EDA2560546D0097EECC /* Debug */,
				034C7EDB2560546D0097EECC /* Release */,
			);
			defaultConfigurationIsVisible = 0;
			defaultConfigurationName = Release;
		};
		034C7EDC2560546D0097EECC /* Build configuration list for PBXNativeTarget "Bookworm" */ = {
			isa = XCConfigurationList;
			buildConfigurations = (
				034C7EDD2560546D0097EECC /* Debug */,
				034C7EDE2560546D0097EECC /* Release */,
			);
			defaultConfigurationIsVisible = 0;
			defaultConfigurationName = Release;
		};
		034C7EDF2560546D0097EECC /* Build configuration list for PBXNativeTarget "BookwormTests" */ = {
			isa = XCConfigurationList;
			buildConfigurations = (
				034C7EE02560546D0097EECC /* Debug */,
				034C7EE12560546D0097EECC /* Release */,
			);
			defaultConfigurationIsVisible = 0;
			defaultConfigurationName = Release;
		};
		034C7EE22560546D0097EECC /* Build configuration list for PBXNativeTarget "BookwormUITests" */ = {
			isa = XCConfigurationList;
			buildConfigurations = (
				034C7EE32560546D0097EECC /* Debug */,
				034C7EE42560546D0097EECC /* Release */,
			);
			defaultConfigurationIsVisible = 0;
			defaultConfigurationName = Release;
		};
/* End XCConfigurationList section */

/* Begin XCVersionGroup section */
		034C7EC02560546D0097EECC /* Bookworm.xcdatamodeld */ = {
			isa = XCVersionGroup;
			children = (
				034C7EC12560546D0097EECC /* Bookworm.xcdatamodel */,
			);
			currentVersion = 034C7EC12560546D0097EECC /* Bookworm.xcdatamodel */;
			path = Bookworm.xcdatamodeld;
			sourceTree = "<group>";
			versionGroupType = wrapper.xcdatamodel;
		};
/* End XCVersionGroup section */
	};
	rootObject = 034C7EAA2560546A0097EECC /* Project object */;
}
