// !$*UTF8*$!
{
	archiveVersion = 1;
	classes = {
	};
	objectVersion = 50;
	objects = {

/* Begin PBXBuildFile section */
		034C7F1D25609A340097EECC /* ReaderApp.swift in Sources */ = {isa = PBXBuildFile; fileRef = 034C7F1C25609A340097EECC /* ReaderApp.swift */; };
		034C7F1F25609A340097EECC /* ContentView.swift in Sources */ = {isa = PBXBuildFile; fileRef = 034C7F1E25609A340097EECC /* ContentView.swift */; };
		034C7F2125609A380097EECC /* Assets.xcassets in Resources */ = {isa = PBXBuildFile; fileRef = 034C7F2025609A380097EECC /* Assets.xcassets */; };
		034C7F2425609A380097EECC /* Preview Assets.xcassets in Resources */ = {isa = PBXBuildFile; fileRef = 034C7F2325609A380097EECC /* Preview Assets.xcassets */; };
		034C7F2625609A380097EECC /* Persistence.swift in Sources */ = {isa = PBXBuildFile; fileRef = 034C7F2525609A380097EECC /* Persistence.swift */; };
		034C7F2925609A390097EECC /* Reader.xcdatamodeld in Sources */ = {isa = PBXBuildFile; fileRef = 034C7F2725609A390097EECC /* Reader.xcdatamodeld */; };
		034C7F3425609A390097EECC /* ReaderTests.swift in Sources */ = {isa = PBXBuildFile; fileRef = 034C7F3325609A390097EECC /* ReaderTests.swift */; };
		034C7F3F25609A390097EECC /* ReaderUITests.swift in Sources */ = {isa = PBXBuildFile; fileRef = 034C7F3E25609A390097EECC /* ReaderUITests.swift */; };
/* End PBXBuildFile section */

/* Begin PBXContainerItemProxy section */
		034C7F3025609A390097EECC /* PBXContainerItemProxy */ = {
			isa = PBXContainerItemProxy;
			containerPortal = 034C7F1125609A340097EECC /* Project object */;
			proxyType = 1;
			remoteGlobalIDString = 034C7F1825609A340097EECC;
			remoteInfo = Reader;
		};
		034C7F3B25609A390097EECC /* PBXContainerItemProxy */ = {
			isa = PBXContainerItemProxy;
			containerPortal = 034C7F1125609A340097EECC /* Project object */;
			proxyType = 1;
			remoteGlobalIDString = 034C7F1825609A340097EECC;
			remoteInfo = Reader;
		};
/* End PBXContainerItemProxy section */

/* Begin PBXFileReference section */
		034C7F1925609A340097EECC /* Reader.app */ = {isa = PBXFileReference; explicitFileType = wrapper.application; includeInIndex = 0; path = Reader.app; sourceTree = BUILT_PRODUCTS_DIR; };
		034C7F1C25609A340097EECC /* ReaderApp.swift */ = {isa = PBXFileReference; lastKnownFileType = sourcecode.swift; path = ReaderApp.swift; sourceTree = "<group>"; };
		034C7F1E25609A340097EECC /* ContentView.swift */ = {isa = PBXFileReference; lastKnownFileType = sourcecode.swift; path = ContentView.swift; sourceTree = "<group>"; };
		034C7F2025609A380097EECC /* Assets.xcassets */ = {isa = PBXFileReference; lastKnownFileType = folder.assetcatalog; path = Assets.xcassets; sourceTree = "<group>"; };
		034C7F2325609A380097EECC /* Preview Assets.xcassets */ = {isa = PBXFileReference; lastKnownFileType = folder.assetcatalog; path = "Preview Assets.xcassets"; sourceTree = "<group>"; };
		034C7F2525609A380097EECC /* Persistence.swift */ = {isa = PBXFileReference; lastKnownFileType = sourcecode.swift; path = Persistence.swift; sourceTree = "<group>"; };
		034C7F2825609A390097EECC /* Reader.xcdatamodel */ = {isa = PBXFileReference; lastKnownFileType = wrapper.xcdatamodel; path = Reader.xcdatamodel; sourceTree = "<group>"; };
		034C7F2A25609A390097EECC /* Info.plist */ = {isa = PBXFileReference; lastKnownFileType = text.plist.xml; path = Info.plist; sourceTree = "<group>"; };
		034C7F2F25609A390097EECC /* ReaderTests.xctest */ = {isa = PBXFileReference; explicitFileType = wrapper.cfbundle; includeInIndex = 0; path = ReaderTests.xctest; sourceTree = BUILT_PRODUCTS_DIR; };
		034C7F3325609A390097EECC /* ReaderTests.swift */ = {isa = PBXFileReference; lastKnownFileType = sourcecode.swift; path = ReaderTests.swift; sourceTree = "<group>"; };
		034C7F3525609A390097EECC /* Info.plist */ = {isa = PBXFileReference; lastKnownFileType = text.plist.xml; path = Info.plist; sourceTree = "<group>"; };
		034C7F3A25609A390097EECC /* ReaderUITests.xctest */ = {isa = PBXFileReference; explicitFileType = wrapper.cfbundle; includeInIndex = 0; path = ReaderUITests.xctest; sourceTree = BUILT_PRODUCTS_DIR; };
		034C7F3E25609A390097EECC /* ReaderUITests.swift */ = {isa = PBXFileReference; lastKnownFileType = sourcecode.swift; path = ReaderUITests.swift; sourceTree = "<group>"; };
		034C7F4025609A390097EECC /* Info.plist */ = {isa = PBXFileReference; lastKnownFileType = text.plist.xml; path = Info.plist; sourceTree = "<group>"; };
/* End PBXFileReference section */

/* Begin PBXFrameworksBuildPhase section */
		034C7F1625609A340097EECC /* Frameworks */ = {
			isa = PBXFrameworksBuildPhase;
			buildActionMask = 2147483647;
			files = (
			);
			runOnlyForDeploymentPostprocessing = 0;
		};
		034C7F2C25609A390097EECC /* Frameworks */ = {
			isa = PBXFrameworksBuildPhase;
			buildActionMask = 2147483647;
			files = (
			);
			runOnlyForDeploymentPostprocessing = 0;
		};
		034C7F3725609A390097EECC /* Frameworks */ = {
			isa = PBXFrameworksBuildPhase;
			buildActionMask = 2147483647;
			files = (
			);
			runOnlyForDeploymentPostprocessing = 0;
		};
/* End PBXFrameworksBuildPhase section */

/* Begin PBXGroup section */
		034C7F1025609A340097EECC = {
			isa = PBXGroup;
			children = (
				034C7F1B25609A340097EECC /* Reader */,
				034C7F3225609A390097EECC /* ReaderTests */,
				034C7F3D25609A390097EECC /* ReaderUITests */,
				034C7F1A25609A340097EECC /* Products */,
			);
			sourceTree = "<group>";
		};
		034C7F1A25609A340097EECC /* Products */ = {
			isa = PBXGroup;
			children = (
				034C7F1925609A340097EECC /* Reader.app */,
				034C7F2F25609A390097EECC /* ReaderTests.xctest */,
				034C7F3A25609A390097EECC /* ReaderUITests.xctest */,
			);
			name = Products;
			sourceTree = "<group>";
		};
		034C7F1B25609A340097EECC /* Reader */ = {
			isa = PBXGroup;
			children = (
				034C7F1C25609A340097EECC /* ReaderApp.swift */,
				034C7F1E25609A340097EECC /* ContentView.swift */,
				034C7F2025609A380097EECC /* Assets.xcassets */,
				034C7F2525609A380097EECC /* Persistence.swift */,
				034C7F2A25609A390097EECC /* Info.plist */,
				034C7F2725609A390097EECC /* Reader.xcdatamodeld */,
				034C7F2225609A380097EECC /* Preview Content */,
			);
			path = Reader;
			sourceTree = "<group>";
		};
		034C7F2225609A380097EECC /* Preview Content */ = {
			isa = PBXGroup;
			children = (
				034C7F2325609A380097EECC /* Preview Assets.xcassets */,
			);
			path = "Preview Content";
			sourceTree = "<group>";
		};
		034C7F3225609A390097EECC /* ReaderTests */ = {
			isa = PBXGroup;
			children = (
				034C7F3325609A390097EECC /* ReaderTests.swift */,
				034C7F3525609A390097EECC /* Info.plist */,
			);
			path = ReaderTests;
			sourceTree = "<group>";
		};
		034C7F3D25609A390097EECC /* ReaderUITests */ = {
			isa = PBXGroup;
			children = (
				034C7F3E25609A390097EECC /* ReaderUITests.swift */,
				034C7F4025609A390097EECC /* Info.plist */,
			);
			path = ReaderUITests;
			sourceTree = "<group>";
		};
/* End PBXGroup section */

/* Begin PBXNativeTarget section */
		034C7F1825609A340097EECC /* Reader */ = {
			isa = PBXNativeTarget;
			buildConfigurationList = 034C7F4325609A390097EECC /* Build configuration list for PBXNativeTarget "Reader" */;
			buildPhases = (
				034C7F1525609A340097EECC /* Sources */,
				034C7F1625609A340097EECC /* Frameworks */,
				034C7F1725609A340097EECC /* Resources */,
			);
			buildRules = (
			);
			dependencies = (
			);
			name = Reader;
			productName = Reader;
			productReference = 034C7F1925609A340097EECC /* Reader.app */;
			productType = "com.apple.product-type.application";
		};
		034C7F2E25609A390097EECC /* ReaderTests */ = {
			isa = PBXNativeTarget;
			buildConfigurationList = 034C7F4625609A390097EECC /* Build configuration list for PBXNativeTarget "ReaderTests" */;
			buildPhases = (
				034C7F2B25609A390097EECC /* Sources */,
				034C7F2C25609A390097EECC /* Frameworks */,
				034C7F2D25609A390097EECC /* Resources */,
			);
			buildRules = (
			);
			dependencies = (
				034C7F3125609A390097EECC /* PBXTargetDependency */,
			);
			name = ReaderTests;
			productName = ReaderTests;
			productReference = 034C7F2F25609A390097EECC /* ReaderTests.xctest */;
			productType = "com.apple.product-type.bundle.unit-test";
		};
		034C7F3925609A390097EECC /* ReaderUITests */ = {
			isa = PBXNativeTarget;
			buildConfigurationList = 034C7F4925609A390097EECC /* Build configuration list for PBXNativeTarget "ReaderUITests" */;
			buildPhases = (
				034C7F3625609A390097EECC /* Sources */,
				034C7F3725609A390097EECC /* Frameworks */,
				034C7F3825609A390097EECC /* Resources */,
			);
			buildRules = (
			);
			dependencies = (
				034C7F3C25609A390097EECC /* PBXTargetDependency */,
			);
			name = ReaderUITests;
			productName = ReaderUITests;
			productReference = 034C7F3A25609A390097EECC /* ReaderUITests.xctest */;
			productType = "com.apple.product-type.bundle.ui-testing";
		};
/* End PBXNativeTarget section */

/* Begin PBXProject section */
		034C7F1125609A340097EECC /* Project object */ = {
			isa = PBXProject;
			attributes = {
				LastSwiftUpdateCheck = 1200;
				LastUpgradeCheck = 1200;
				TargetAttributes = {
					034C7F1825609A340097EECC = {
						CreatedOnToolsVersion = 12.0;
					};
					034C7F2E25609A390097EECC = {
						CreatedOnToolsVersion = 12.0;
						TestTargetID = 034C7F1825609A340097EECC;
					};
					034C7F3925609A390097EECC = {
						CreatedOnToolsVersion = 12.0;
						TestTargetID = 034C7F1825609A340097EECC;
					};
				};
			};
			buildConfigurationList = 034C7F1425609A340097EECC /* Build configuration list for PBXProject "Reader" */;
			compatibilityVersion = "Xcode 9.3";
			developmentRegion = en;
			hasScannedForEncodings = 0;
			knownRegions = (
				en,
				Base,
			);
			mainGroup = 034C7F1025609A340097EECC;
			productRefGroup = 034C7F1A25609A340097EECC /* Products */;
			projectDirPath = "";
			projectRoot = "";
			targets = (
				034C7F1825609A340097EECC /* Reader */,
				034C7F2E25609A390097EECC /* ReaderTests */,
				034C7F3925609A390097EECC /* ReaderUITests */,
			);
		};
/* End PBXProject section */

/* Begin PBXResourcesBuildPhase section */
		034C7F1725609A340097EECC /* Resources */ = {
			isa = PBXResourcesBuildPhase;
			buildActionMask = 2147483647;
			files = (
				034C7F2425609A380097EECC /* Preview Assets.xcassets in Resources */,
				034C7F2125609A380097EECC /* Assets.xcassets in Resources */,
			);
			runOnlyForDeploymentPostprocessing = 0;
		};
		034C7F2D25609A390097EECC /* Resources */ = {
			isa = PBXResourcesBuildPhase;
			buildActionMask = 2147483647;
			files = (
			);
			runOnlyForDeploymentPostprocessing = 0;
		};
		034C7F3825609A390097EECC /* Resources */ = {
			isa = PBXResourcesBuildPhase;
			buildActionMask = 2147483647;
			files = (
			);
			runOnlyForDeploymentPostprocessing = 0;
		};
/* End PBXResourcesBuildPhase section */

/* Begin PBXSourcesBuildPhase section */
		034C7F1525609A340097EECC /* Sources */ = {
			isa = PBXSourcesBuildPhase;
			buildActionMask = 2147483647;
			files = (
				034C7F2625609A380097EECC /* Persistence.swift in Sources */,
				034C7F1F25609A340097EECC /* ContentView.swift in Sources */,
				034C7F2925609A390097EECC /* Reader.xcdatamodeld in Sources */,
				034C7F1D25609A340097EECC /* ReaderApp.swift in Sources */,
			);
			runOnlyForDeploymentPostprocessing = 0;
		};
		034C7F2B25609A390097EECC /* Sources */ = {
			isa = PBXSourcesBuildPhase;
			buildActionMask = 2147483647;
			files = (
				034C7F3425609A390097EECC /* ReaderTests.swift in Sources */,
			);
			runOnlyForDeploymentPostprocessing = 0;
		};
		034C7F3625609A390097EECC /* Sources */ = {
			isa = PBXSourcesBuildPhase;
			buildActionMask = 2147483647;
			files = (
				034C7F3F25609A390097EECC /* ReaderUITests.swift in Sources */,
			);
			runOnlyForDeploymentPostprocessing = 0;
		};
/* End PBXSourcesBuildPhase section */

/* Begin PBXTargetDependency section */
		034C7F3125609A390097EECC /* PBXTargetDependency */ = {
			isa = PBXTargetDependency;
			target = 034C7F1825609A340097EECC /* Reader */;
			targetProxy = 034C7F3025609A390097EECC /* PBXContainerItemProxy */;
		};
		034C7F3C25609A390097EECC /* PBXTargetDependency */ = {
			isa = PBXTargetDependency;
			target = 034C7F1825609A340097EECC /* Reader */;
			targetProxy = 034C7F3B25609A390097EECC /* PBXContainerItemProxy */;
		};
/* End PBXTargetDependency section */

/* Begin XCBuildConfiguration section */
		034C7F4125609A390097EECC /* Debug */ = {
			isa = XCBuildConfiguration;
			buildSettings = {
				ALWAYS_SEARCH_USER_PATHS = NO;
				CLANG_ANALYZER_NONNULL = YES;
				CLANG_ANALYZER_NUMBER_OBJECT_CONVERSION = YES_AGGRESSIVE;
				CLANG_CXX_LANGUAGE_STANDARD = "gnu++14";
				CLANG_CXX_LIBRARY = "libc++";
				CLANG_ENABLE_MODULES = YES;
				CLANG_ENABLE_OBJC_ARC = YES;
				CLANG_ENABLE_OBJC_WEAK = YES;
				CLANG_WARN_BLOCK_CAPTURE_AUTORELEASING = YES;
				CLANG_WARN_BOOL_CONVERSION = YES;
				CLANG_WARN_COMMA = YES;
				CLANG_WARN_CONSTANT_CONVERSION = YES;
				CLANG_WARN_DEPRECATED_OBJC_IMPLEMENTATIONS = YES;
				CLANG_WARN_DIRECT_OBJC_ISA_USAGE = YES_ERROR;
				CLANG_WARN_DOCUMENTATION_COMMENTS = YES;
				CLANG_WARN_EMPTY_BODY = YES;
				CLANG_WARN_ENUM_CONVERSION = YES;
				CLANG_WARN_INFINITE_RECURSION = YES;
				CLANG_WARN_INT_CONVERSION = YES;
				CLANG_WARN_NON_LITERAL_NULL_CONVERSION = YES;
				CLANG_WARN_OBJC_IMPLICIT_RETAIN_SELF = YES;
				CLANG_WARN_OBJC_LITERAL_CONVERSION = YES;
				CLANG_WARN_OBJC_ROOT_CLASS = YES_ERROR;
				CLANG_WARN_QUOTED_INCLUDE_IN_FRAMEWORK_HEADER = YES;
				CLANG_WARN_RANGE_LOOP_ANALYSIS = YES;
				CLANG_WARN_STRICT_PROTOTYPES = YES;
				CLANG_WARN_SUSPICIOUS_MOVE = YES;
				CLANG_WARN_UNGUARDED_AVAILABILITY = YES_AGGRESSIVE;
				CLANG_WARN_UNREACHABLE_CODE = YES;
				CLANG_WARN__DUPLICATE_METHOD_MATCH = YES;
				COPY_PHASE_STRIP = NO;
				DEBUG_INFORMATION_FORMAT = dwarf;
				ENABLE_STRICT_OBJC_MSGSEND = YES;
				ENABLE_TESTABILITY = YES;
				GCC_C_LANGUAGE_STANDARD = gnu11;
				GCC_DYNAMIC_NO_PIC = NO;
				GCC_NO_COMMON_BLOCKS = YES;
				GCC_OPTIMIZATION_LEVEL = 0;
				GCC_PREPROCESSOR_DEFINITIONS = (
					"DEBUG=1",
					"$(inherited)",
				);
				GCC_WARN_64_TO_32_BIT_CONVERSION = YES;
				GCC_WARN_ABOUT_RETURN_TYPE = YES_ERROR;
				GCC_WARN_UNDECLARED_SELECTOR = YES;
				GCC_WARN_UNINITIALIZED_AUTOS = YES_AGGRESSIVE;
				GCC_WARN_UNUSED_FUNCTION = YES;
				GCC_WARN_UNUSED_VARIABLE = YES;
				IPHONEOS_DEPLOYMENT_TARGET = 14.0;
				MTL_ENABLE_DEBUG_INFO = INCLUDE_SOURCE;
				MTL_FAST_MATH = YES;
				ONLY_ACTIVE_ARCH = YES;
				SDKROOT = iphoneos;
				SWIFT_ACTIVE_COMPILATION_CONDITIONS = DEBUG;
				SWIFT_OPTIMIZATION_LEVEL = "-Onone";
			};
			name = Debug;
		};
		034C7F4225609A390097EECC /* Release */ = {
			isa = XCBuildConfiguration;
			buildSettings = {
				ALWAYS_SEARCH_USER_PATHS = NO;
				CLANG_ANALYZER_NONNULL = YES;
				CLANG_ANALYZER_NUMBER_OBJECT_CONVERSION = YES_AGGRESSIVE;
				CLANG_CXX_LANGUAGE_STANDARD = "gnu++14";
				CLANG_CXX_LIBRARY = "libc++";
				CLANG_ENABLE_MODULES = YES;
				CLANG_ENABLE_OBJC_ARC = YES;
				CLANG_ENABLE_OBJC_WEAK = YES;
				CLANG_WARN_BLOCK_CAPTURE_AUTORELEASING = YES;
				CLANG_WARN_BOOL_CONVERSION = YES;
				CLANG_WARN_COMMA = YES;
				CLANG_WARN_CONSTANT_CONVERSION = YES;
				CLANG_WARN_DEPRECATED_OBJC_IMPLEMENTATIONS = YES;
				CLANG_WARN_DIRECT_OBJC_ISA_USAGE = YES_ERROR;
				CLANG_WARN_DOCUMENTATION_COMMENTS = YES;
				CLANG_WARN_EMPTY_BODY = YES;
				CLANG_WARN_ENUM_CONVERSION = YES;
				CLANG_WARN_INFINITE_RECURSION = YES;
				CLANG_WARN_INT_CONVERSION = YES;
				CLANG_WARN_NON_LITERAL_NULL_CONVERSION = YES;
				CLANG_WARN_OBJC_IMPLICIT_RETAIN_SELF = YES;
				CLANG_WARN_OBJC_LITERAL_CONVERSION = YES;
				CLANG_WARN_OBJC_ROOT_CLASS = YES_ERROR;
				CLANG_WARN_QUOTED_INCLUDE_IN_FRAMEWORK_HEADER = YES;
				CLANG_WARN_RANGE_LOOP_ANALYSIS = YES;
				CLANG_WARN_STRICT_PROTOTYPES = YES;
				CLANG_WARN_SUSPICIOUS_MOVE = YES;
				CLANG_WARN_UNGUARDED_AVAILABILITY = YES_AGGRESSIVE;
				CLANG_WARN_UNREACHABLE_CODE = YES;
				CLANG_WARN__DUPLICATE_METHOD_MATCH = YES;
				COPY_PHASE_STRIP = NO;
				DEBUG_INFORMATION_FORMAT = "dwarf-with-dsym";
				ENABLE_NS_ASSERTIONS = NO;
				ENABLE_STRICT_OBJC_MSGSEND = YES;
				GCC_C_LANGUAGE_STANDARD = gnu11;
				GCC_NO_COMMON_BLOCKS = YES;
				GCC_WARN_64_TO_32_BIT_CONVERSION = YES;
				GCC_WARN_ABOUT_RETURN_TYPE = YES_ERROR;
				GCC_WARN_UNDECLARED_SELECTOR = YES;
				GCC_WARN_UNINITIALIZED_AUTOS = YES_AGGRESSIVE;
				GCC_WARN_UNUSED_FUNCTION = YES;
				GCC_WARN_UNUSED_VARIABLE = YES;
				IPHONEOS_DEPLOYMENT_TARGET = 14.0;
				MTL_ENABLE_DEBUG_INFO = NO;
				MTL_FAST_MATH = YES;
				SDKROOT = iphoneos;
				SWIFT_COMPILATION_MODE = wholemodule;
				SWIFT_OPTIMIZATION_LEVEL = "-O";
				VALIDATE_PRODUCT = YES;
			};
			name = Release;
		};
		034C7F4425609A390097EECC /* Debug */ = {
			isa = XCBuildConfiguration;
			buildSettings = {
				ASSETCATALOG_COMPILER_APPICON_NAME = AppIcon;
				ASSETCATALOG_COMPILER_GLOBAL_ACCENT_COLOR_NAME = AccentColor;
				CODE_SIGN_STYLE = Automatic;
				DEVELOPMENT_ASSET_PATHS = "\"Reader/Preview Content\"";
				DEVELOPMENT_TEAM = 55CK98Y42V;
				ENABLE_PREVIEWS = YES;
				INFOPLIST_FILE = Reader/Info.plist;
				IPHONEOS_DEPLOYMENT_TARGET = 14.0;
				LD_RUNPATH_SEARCH_PATHS = (
					"$(inherited)",
					"@executable_path/Frameworks",
				);
				PRODUCT_BUNDLE_IDENTIFIER = eman.lotfy.elrefai.2020.Reader;
				PRODUCT_NAME = "$(TARGET_NAME)";
				SWIFT_VERSION = 5.0;
				TARGETED_DEVICE_FAMILY = "1,2";
			};
			name = Debug;
		};
		034C7F4525609A390097EECC /* Release */ = {
			isa = XCBuildConfiguration;
			buildSettings = {
				ASSETCATALOG_COMPILER_APPICON_NAME = AppIcon;
				ASSETCATALOG_COMPILER_GLOBAL_ACCENT_COLOR_NAME = AccentColor;
				CODE_SIGN_STYLE = Automatic;
				DEVELOPMENT_ASSET_PATHS = "\"Reader/Preview Content\"";
				DEVELOPMENT_TEAM = 55CK98Y42V;
				ENABLE_PREVIEWS = YES;
				INFOPLIST_FILE = Reader/Info.plist;
				IPHONEOS_DEPLOYMENT_TARGET = 14.0;
				LD_RUNPATH_SEARCH_PATHS = (
					"$(inherited)",
					"@executable_path/Frameworks",
				);
				PRODUCT_BUNDLE_IDENTIFIER = eman.lotfy.elrefai.2020.Reader;
				PRODUCT_NAME = "$(TARGET_NAME)";
				SWIFT_VERSION = 5.0;
				TARGETED_DEVICE_FAMILY = "1,2";
			};
			name = Release;
		};
		034C7F4725609A390097EECC /* Debug */ = {
			isa = XCBuildConfiguration;
			buildSettings = {
				ALWAYS_EMBED_SWIFT_STANDARD_LIBRARIES = YES;
				BUNDLE_LOADER = "$(TEST_HOST)";
				CODE_SIGN_STYLE = Automatic;
				DEVELOPMENT_TEAM = 55CK98Y42V;
				INFOPLIST_FILE = ReaderTests/Info.plist;
				IPHONEOS_DEPLOYMENT_TARGET = 14.0;
				LD_RUNPATH_SEARCH_PATHS = (
					"$(inherited)",
					"@executable_path/Frameworks",
					"@loader_path/Frameworks",
				);
				PRODUCT_BUNDLE_IDENTIFIER = eman.lotfy.elrefai.2020.ReaderTests;
				PRODUCT_NAME = "$(TARGET_NAME)";
				SWIFT_VERSION = 5.0;
				TARGETED_DEVICE_FAMILY = "1,2";
				TEST_HOST = "$(BUILT_PRODUCTS_DIR)/Reader.app/Reader";
			};
			name = Debug;
		};
		034C7F4825609A390097EECC /* Release */ = {
			isa = XCBuildConfiguration;
			buildSettings = {
				ALWAYS_EMBED_SWIFT_STANDARD_LIBRARIES = YES;
				BUNDLE_LOADER = "$(TEST_HOST)";
				CODE_SIGN_STYLE = Automatic;
				DEVELOPMENT_TEAM = 55CK98Y42V;
				INFOPLIST_FILE = ReaderTests/Info.plist;
				IPHONEOS_DEPLOYMENT_TARGET = 14.0;
				LD_RUNPATH_SEARCH_PATHS = (
					"$(inherited)",
					"@executable_path/Frameworks",
					"@loader_path/Frameworks",
				);
				PRODUCT_BUNDLE_IDENTIFIER = eman.lotfy.elrefai.2020.ReaderTests;
				PRODUCT_NAME = "$(TARGET_NAME)";
				SWIFT_VERSION = 5.0;
				TARGETED_DEVICE_FAMILY = "1,2";
				TEST_HOST = "$(BUILT_PRODUCTS_DIR)/Reader.app/Reader";
			};
			name = Release;
		};
		034C7F4A25609A390097EECC /* Debug */ = {
			isa = XCBuildConfiguration;
			buildSettings = {
				ALWAYS_EMBED_SWIFT_STANDARD_LIBRARIES = YES;
				CODE_SIGN_STYLE = Automatic;
				DEVELOPMENT_TEAM = 55CK98Y42V;
				INFOPLIST_FILE = ReaderUITests/Info.plist;
				LD_RUNPATH_SEARCH_PATHS = (
					"$(inherited)",
					"@executable_path/Frameworks",
					"@loader_path/Frameworks",
				);
				PRODUCT_BUNDLE_IDENTIFIER = eman.lotfy.elrefai.2020.ReaderUITests;
				PRODUCT_NAME = "$(TARGET_NAME)";
				SWIFT_VERSION = 5.0;
				TARGETED_DEVICE_FAMILY = "1,2";
				TEST_TARGET_NAME = Reader;
			};
			name = Debug;
		};
		034C7F4B25609A390097EECC /* Release */ = {
			isa = XCBuildConfiguration;
			buildSettings = {
				ALWAYS_EMBED_SWIFT_STANDARD_LIBRARIES = YES;
				CODE_SIGN_STYLE = Automatic;
				DEVELOPMENT_TEAM = 55CK98Y42V;
				INFOPLIST_FILE = ReaderUITests/Info.plist;
				LD_RUNPATH_SEARCH_PATHS = (
					"$(inherited)",
					"@executable_path/Frameworks",
					"@loader_path/Frameworks",
				);
				PRODUCT_BUNDLE_IDENTIFIER = eman.lotfy.elrefai.2020.ReaderUITests;
				PRODUCT_NAME = "$(TARGET_NAME)";
				SWIFT_VERSION = 5.0;
				TARGETED_DEVICE_FAMILY = "1,2";
				TEST_TARGET_NAME = Reader;
			};
			name = Release;
		};
/* End XCBuildConfiguration section */

/* Begin XCConfigurationList section */
		034C7F1425609A340097EECC /* Build configuration list for PBXProject "Reader" */ = {
			isa = XCConfigurationList;
			buildConfigurations = (
				034C7F4125609A390097EECC /* Debug */,
				034C7F4225609A390097EECC /* Release */,
			);
			defaultConfigurationIsVisible = 0;
			defaultConfigurationName = Release;
		};
		034C7F4325609A390097EECC /* Build configuration list for PBXNativeTarget "Reader" */ = {
			isa = XCConfigurationList;
			buildConfigurations = (
				034C7F4425609A390097EECC /* Debug */,
				034C7F4525609A390097EECC /* Release */,
			);
			defaultConfigurationIsVisible = 0;
			defaultConfigurationName = Release;
		};
		034C7F4625609A390097EECC /* Build configuration list for PBXNativeTarget "ReaderTests" */ = {
			isa = XCConfigurationList;
			buildConfigurations = (
				034C7F4725609A390097EECC /* Debug */,
				034C7F4825609A390097EECC /* Release */,
			);
			defaultConfigurationIsVisible = 0;
			defaultConfigurationName = Release;
		};
		034C7F4925609A390097EECC /* Build configuration list for PBXNativeTarget "ReaderUITests" */ = {
			isa = XCConfigurationList;
			buildConfigurations = (
				034C7F4A25609A390097EECC /* Debug */,
				034C7F4B25609A390097EECC /* Release */,
			);
			defaultConfigurationIsVisible = 0;
			defaultConfigurationName = Release;
		};
/* End XCConfigurationList section */

/* Begin XCVersionGroup section */
		034C7F2725609A390097EECC /* Reader.xcdatamodeld */ = {
			isa = XCVersionGroup;
			children = (
				034C7F2825609A390097EECC /* Reader.xcdatamodel */,
			);
			currentVersion = 034C7F2825609A390097EECC /* Reader.xcdatamodel */;
			path = Reader.xcdatamodeld;
			sourceTree = "<group>";
			versionGroupType = wrapper.xcdatamodel;
		};
/* End XCVersionGroup section */
	};
	rootObject = 034C7F1125609A340097EECC /* Project object */;
}
